
Microsoft Visual Studio Solution File, Format Version 12.00
# Visual Studio Version 17
VisualStudioVersion = 17.0.31912.275
MinimumVisualStudioVersion = 10.0.40219.1
Project("{FAE04EC0-301F-11D3-BF4B-00C04F79EFBC}") = "RESTserver", "RESTserver\RESTserver.csproj", "{D1939241-BFC9-4ACB-A107-653F972E77DF}"
EndProject
Global
	GlobalSection(SolutionConfigurationPlatforms) = preSolution
		Debug|Any CPU = Debug|Any CPU
		Release|Any CPU = Release|Any CPU
	EndGlobalSection
	GlobalSection(ProjectConfigurationPlatforms) = postSolution
		{D1939241-BFC9-4ACB-A107-653F972E77DF}.Debug|Any CPU.ActiveCfg = Debug|Any CPU
		{D1939241-BFC9-4ACB-A107-653F972E77DF}.Debug|Any CPU.Build.0 = Debug|Any CPU
		{D1939241-BFC9-4ACB-A107-653F972E77DF}.Release|Any CPU.ActiveCfg = Release|Any CPU
		{D1939241-BFC9-4ACB-A107-653F972E77DF}.Release|Any CPU.Build.0 = Release|Any CPU
	EndGlobalSection
	GlobalSection(SolutionProperties) = preSolution
		HideSolutionNode = FALSE
	EndGlobalSection
	GlobalSection(ExtensibilityGlobals) = postSolution
		SolutionGuid = {B80986A8-45F2-4BDB-9370-352F1F2D0E9D}
	EndGlobalSection
EndGlobal
